// !$*UTF8*$!
{
	archiveVersion = 1;
	classes = {
	};
	objectVersion = 56;
	objects = {

/* Begin PBXBuildFile section */
		6B05867F2C6C38E0007FF9F3 /* AppDelegate.swift in Sources */ = {isa = PBXBuildFile; fileRef = 6B05867E2C6C38E0007FF9F3 /* AppDelegate.swift */; };
		6B0586812C6C38E0007FF9F3 /* SceneDelegate.swift in Sources */ = {isa = PBXBuildFile; fileRef = 6B0586802C6C38E0007FF9F3 /* SceneDelegate.swift */; };
		6B0586832C6C38E0007FF9F3 /* ViewController.swift in Sources */ = {isa = PBXBuildFile; fileRef = 6B0586822C6C38E0007FF9F3 /* ViewController.swift */; };
		6B0586862C6C38E0007FF9F3 /* Main.storyboard in Resources */ = {isa = PBXBuildFile; fileRef = 6B0586842C6C38E0007FF9F3 /* Main.storyboard */; };
		6B0586882C6C38E1007FF9F3 /* Assets.xcassets in Resources */ = {isa = PBXBuildFile; fileRef = 6B0586872C6C38E1007FF9F3 /* Assets.xcassets */; };
		6B05868B2C6C38E1007FF9F3 /* LaunchScreen.storyboard in Resources */ = {isa = PBXBuildFile; fileRef = 6B0586892C6C38E1007FF9F3 /* LaunchScreen.storyboard */; };
		6B0586962C6C38E2007FF9F3 /* CirclrTests.swift in Sources */ = {isa = PBXBuildFile; fileRef = 6B0586952C6C38E2007FF9F3 /* CirclrTests.swift */; };
		6B0586A02C6C38E2007FF9F3 /* CirclrUITests.swift in Sources */ = {isa = PBXBuildFile; fileRef = 6B05869F2C6C38E2007FF9F3 /* CirclrUITests.swift */; };
		6B0586A22C6C38E2007FF9F3 /* CirclrUITestsLaunchTests.swift in Sources */ = {isa = PBXBuildFile; fileRef = 6B0586A12C6C38E2007FF9F3 /* CirclrUITestsLaunchTests.swift */; };
/* End PBXBuildFile section */

/* Begin PBXContainerItemProxy section */
		6B0586922C6C38E2007FF9F3 /* PBXContainerItemProxy */ = {
			isa = PBXContainerItemProxy;
			containerPortal = 6B0586732C6C38E0007FF9F3 /* Project object */;
			proxyType = 1;
			remoteGlobalIDString = 6B05867A2C6C38E0007FF9F3;
			remoteInfo = Circlr;
		};
		6B05869C2C6C38E2007FF9F3 /* PBXContainerItemProxy */ = {
			isa = PBXContainerItemProxy;
			containerPortal = 6B0586732C6C38E0007FF9F3 /* Project object */;
			proxyType = 1;
			remoteGlobalIDString = 6B05867A2C6C38E0007FF9F3;
			remoteInfo = Circlr;
		};
/* End PBXContainerItemProxy section */

/* Begin PBXFileReference section */
		6B05867B2C6C38E0007FF9F3 /* Circlr.app */ = {isa = PBXFileReference; explicitFileType = wrapper.application; includeInIndex = 0; path = Circlr.app; sourceTree = BUILT_PRODUCTS_DIR; };
		6B05867E2C6C38E0007FF9F3 /* AppDelegate.swift */ = {isa = PBXFileReference; lastKnownFileType = sourcecode.swift; path = AppDelegate.swift; sourceTree = "<group>"; };
		6B0586802C6C38E0007FF9F3 /* SceneDelegate.swift */ = {isa = PBXFileReference; lastKnownFileType = sourcecode.swift; path = SceneDelegate.swift; sourceTree = "<group>"; };
		6B0586822C6C38E0007FF9F3 /* ViewController.swift */ = {isa = PBXFileReference; lastKnownFileType = sourcecode.swift; path = ViewController.swift; sourceTree = "<group>"; };
		6B0586852C6C38E0007FF9F3 /* Base */ = {isa = PBXFileReference; lastKnownFileType = file.storyboard; name = Base; path = Base.lproj/Main.storyboard; sourceTree = "<group>"; };
		6B0586872C6C38E1007FF9F3 /* Assets.xcassets */ = {isa = PBXFileReference; lastKnownFileType = folder.assetcatalog; path = Assets.xcassets; sourceTree = "<group>"; };
		6B05868A2C6C38E1007FF9F3 /* Base */ = {isa = PBXFileReference; lastKnownFileType = file.storyboard; name = Base; path = Base.lproj/LaunchScreen.storyboard; sourceTree = "<group>"; };
		6B05868C2C6C38E1007FF9F3 /* Info.plist */ = {isa = PBXFileReference; lastKnownFileType = text.plist.xml; path = Info.plist; sourceTree = "<group>"; };
		6B0586912C6C38E2007FF9F3 /* CirclrTests.xctest */ = {isa = PBXFileReference; explicitFileType = wrapper.cfbundle; includeInIndex = 0; path = CirclrTests.xctest; sourceTree = BUILT_PRODUCTS_DIR; };
		6B0586952C6C38E2007FF9F3 /* CirclrTests.swift */ = {isa = PBXFileReference; lastKnownFileType = sourcecode.swift; path = CirclrTests.swift; sourceTree = "<group>"; };
		6B05869B2C6C38E2007FF9F3 /* CirclrUITests.xctest */ = {isa = PBXFileReference; explicitFileType = wrapper.cfbundle; includeInIndex = 0; path = CirclrUITests.xctest; sourceTree = BUILT_PRODUCTS_DIR; };
		6B05869F2C6C38E2007FF9F3 /* CirclrUITests.swift */ = {isa = PBXFileReference; lastKnownFileType = sourcecode.swift; path = CirclrUITests.swift; sourceTree = "<group>"; };
		6B0586A12C6C38E2007FF9F3 /* CirclrUITestsLaunchTests.swift */ = {isa = PBXFileReference; lastKnownFileType = sourcecode.swift; path = CirclrUITestsLaunchTests.swift; sourceTree = "<group>"; };
/* End PBXFileReference section */

/* Begin PBXFrameworksBuildPhase section */
		6B0586782C6C38E0007FF9F3 /* Frameworks */ = {
			isa = PBXFrameworksBuildPhase;
			buildActionMask = 2147483647;
			files = (
			);
			runOnlyForDeploymentPostprocessing = 0;
		};
		6B05868E2C6C38E2007FF9F3 /* Frameworks */ = {
			isa = PBXFrameworksBuildPhase;
			buildActionMask = 2147483647;
			files = (
			);
			runOnlyForDeploymentPostprocessing = 0;
		};
		6B0586982C6C38E2007FF9F3 /* Frameworks */ = {
			isa = PBXFrameworksBuildPhase;
			buildActionMask = 2147483647;
			files = (
			);
			runOnlyForDeploymentPostprocessing = 0;
		};
/* End PBXFrameworksBuildPhase section */

/* Begin PBXGroup section */
		6B0586722C6C38E0007FF9F3 = {
			isa = PBXGroup;
			children = (
				6B05867D2C6C38E0007FF9F3 /* Circlr */,
				6B0586942C6C38E2007FF9F3 /* CirclrTests */,
				6B05869E2C6C38E2007FF9F3 /* CirclrUITests */,
				6B05867C2C6C38E0007FF9F3 /* Products */,
			);
			sourceTree = "<group>";
		};
		6B05867C2C6C38E0007FF9F3 /* Products */ = {
			isa = PBXGroup;
			children = (
				6B05867B2C6C38E0007FF9F3 /* Circlr.app */,
				6B0586912C6C38E2007FF9F3 /* CirclrTests.xctest */,
				6B05869B2C6C38E2007FF9F3 /* CirclrUITests.xctest */,
			);
			name = Products;
			sourceTree = "<group>";
		};
		6B05867D2C6C38E0007FF9F3 /* Circlr */ = {
			isa = PBXGroup;
			children = (
				6B05867E2C6C38E0007FF9F3 /* AppDelegate.swift */,
				6B0586802C6C38E0007FF9F3 /* SceneDelegate.swift */,
				6B0586822C6C38E0007FF9F3 /* ViewController.swift */,
				6B0586842C6C38E0007FF9F3 /* Main.storyboard */,
				6B0586872C6C38E1007FF9F3 /* Assets.xcassets */,
				6B0586892C6C38E1007FF9F3 /* LaunchScreen.storyboard */,
				6B05868C2C6C38E1007FF9F3 /* Info.plist */,
			);
			path = Circlr;
			sourceTree = "<group>";
		};
		6B0586942C6C38E2007FF9F3 /* CirclrTests */ = {
			isa = PBXGroup;
			children = (
				6B0586952C6C38E2007FF9F3 /* CirclrTests.swift */,
			);
			path = CirclrTests;
			sourceTree = "<group>";
		};
		6B05869E2C6C38E2007FF9F3 /* CirclrUITests */ = {
			isa = PBXGroup;
			children = (
				6B05869F2C6C38E2007FF9F3 /* CirclrUITests.swift */,
				6B0586A12C6C38E2007FF9F3 /* CirclrUITestsLaunchTests.swift */,
			);
			path = CirclrUITests;
			sourceTree = "<group>";
		};
/* End PBXGroup section */

/* Begin PBXNativeTarget section */
		6B05867A2C6C38E0007FF9F3 /* Circlr */ = {
			isa = PBXNativeTarget;
			buildConfigurationList = 6B0586A52C6C38E2007FF9F3 /* Build configuration list for PBXNativeTarget "Circlr" */;
			buildPhases = (
				6B0586772C6C38E0007FF9F3 /* Sources */,
				6B0586782C6C38E0007FF9F3 /* Frameworks */,
				6B0586792C6C38E0007FF9F3 /* Resources */,
			);
			buildRules = (
			);
			dependencies = (
			);
			name = Circlr;
			productName = Circlr;
			productReference = 6B05867B2C6C38E0007FF9F3 /* Circlr.app */;
			productType = "com.apple.product-type.application";
		};
		6B0586902C6C38E2007FF9F3 /* CirclrTests */ = {
			isa = PBXNativeTarget;
			buildConfigurationList = 6B0586A82C6C38E2007FF9F3 /* Build configuration list for PBXNativeTarget "CirclrTests" */;
			buildPhases = (
				6B05868D2C6C38E2007FF9F3 /* Sources */,
				6B05868E2C6C38E2007FF9F3 /* Frameworks */,
				6B05868F2C6C38E2007FF9F3 /* Resources */,
			);
			buildRules = (
			);
			dependencies = (
				6B0586932C6C38E2007FF9F3 /* PBXTargetDependency */,
			);
			name = CirclrTests;
			productName = CirclrTests;
			productReference = 6B0586912C6C38E2007FF9F3 /* CirclrTests.xctest */;
			productType = "com.apple.product-type.bundle.unit-test";
		};
		6B05869A2C6C38E2007FF9F3 /* CirclrUITests */ = {
			isa = PBXNativeTarget;
			buildConfigurationList = 6B0586AB2C6C38E2007FF9F3 /* Build configuration list for PBXNativeTarget "CirclrUITests" */;
			buildPhases = (
				6B0586972C6C38E2007FF9F3 /* Sources */,
				6B0586982C6C38E2007FF9F3 /* Frameworks */,
				6B0586992C6C38E2007FF9F3 /* Resources */,
			);
			buildRules = (
			);
			dependencies = (
				6B05869D2C6C38E2007FF9F3 /* PBXTargetDependency */,
			);
			name = CirclrUITests;
			productName = CirclrUITests;
			productReference = 6B05869B2C6C38E2007FF9F3 /* CirclrUITests.xctest */;
			productType = "com.apple.product-type.bundle.ui-testing";
		};
/* End PBXNativeTarget section */

/* Begin PBXProject section */
		6B0586732C6C38E0007FF9F3 /* Project object */ = {
			isa = PBXProject;
			attributes = {
				BuildIndependentTargetsInParallel = 1;
				LastSwiftUpdateCheck = 1510;
				LastUpgradeCheck = 1510;
				TargetAttributes = {
					6B05867A2C6C38E0007FF9F3 = {
						CreatedOnToolsVersion = 15.1;
					};
					6B0586902C6C38E2007FF9F3 = {
						CreatedOnToolsVersion = 15.1;
						TestTargetID = 6B05867A2C6C38E0007FF9F3;
					};
					6B05869A2C6C38E2007FF9F3 = {
						CreatedOnToolsVersion = 15.1;
						TestTargetID = 6B05867A2C6C38E0007FF9F3;
					};
				};
			};
			buildConfigurationList = 6B0586762C6C38E0007FF9F3 /* Build configuration list for PBXProject "Circlr" */;
			compatibilityVersion = "Xcode 14.0";
			developmentRegion = en;
			hasScannedForEncodings = 0;
			knownRegions = (
				en,
				Base,
			);
			mainGroup = 6B0586722C6C38E0007FF9F3;
			productRefGroup = 6B05867C2C6C38E0007FF9F3 /* Products */;
			projectDirPath = "";
			projectRoot = "";
			targets = (
				6B05867A2C6C38E0007FF9F3 /* Circlr */,
				6B0586902C6C38E2007FF9F3 /* CirclrTests */,
				6B05869A2C6C38E2007FF9F3 /* CirclrUITests */,
			);
		};
/* End PBXProject section */

/* Begin PBXResourcesBuildPhase section */
		6B0586792C6C38E0007FF9F3 /* Resources */ = {
			isa = PBXResourcesBuildPhase;
			buildActionMask = 2147483647;
			files = (
				6B05868B2C6C38E1007FF9F3 /* LaunchScreen.storyboard in Resources */,
				6B0586882C6C38E1007FF9F3 /* Assets.xcassets in Resources */,
				6B0586862C6C38E0007FF9F3 /* Main.storyboard in Resources */,
			);
			runOnlyForDeploymentPostprocessing = 0;
		};
		6B05868F2C6C38E2007FF9F3 /* Resources */ = {
			isa = PBXResourcesBuildPhase;
			buildActionMask = 2147483647;
			files = (
			);
			runOnlyForDeploymentPostprocessing = 0;
		};
		6B0586992C6C38E2007FF9F3 /* Resources */ = {
			isa = PBXResourcesBuildPhase;
			buildActionMask = 2147483647;
			files = (
			);
			runOnlyForDeploymentPostprocessing = 0;
		};
/* End PBXResourcesBuildPhase section */

/* Begin PBXSourcesBuildPhase section */
		6B0586772C6C38E0007FF9F3 /* Sources */ = {
			isa = PBXSourcesBuildPhase;
			buildActionMask = 2147483647;
			files = (
				6B0586832C6C38E0007FF9F3 /* ViewController.swift in Sources */,
				6B05867F2C6C38E0007FF9F3 /* AppDelegate.swift in Sources */,
				6B0586812C6C38E0007FF9F3 /* SceneDelegate.swift in Sources */,
			);
			runOnlyForDeploymentPostprocessing = 0;
		};
		6B05868D2C6C38E2007FF9F3 /* Sources */ = {
			isa = PBXSourcesBuildPhase;
			buildActionMask = 2147483647;
			files = (
				6B0586962C6C38E2007FF9F3 /* CirclrTests.swift in Sources */,
			);
			runOnlyForDeploymentPostprocessing = 0;
		};
		6B0586972C6C38E2007FF9F3 /* Sources */ = {
			isa = PBXSourcesBuildPhase;
			buildActionMask = 2147483647;
			files = (
				6B0586A02C6C38E2007FF9F3 /* CirclrUITests.swift in Sources */,
				6B0586A22C6C38E2007FF9F3 /* CirclrUITestsLaunchTests.swift in Sources */,
			);
			runOnlyForDeploymentPostprocessing = 0;
		};
/* End PBXSourcesBuildPhase section */

/* Begin PBXTargetDependency section */
		6B0586932C6C38E2007FF9F3 /* PBXTargetDependency */ = {
			isa = PBXTargetDependency;
			target = 6B05867A2C6C38E0007FF9F3 /* Circlr */;
			targetProxy = 6B0586922C6C38E2007FF9F3 /* PBXContainerItemProxy */;
		};
		6B05869D2C6C38E2007FF9F3 /* PBXTargetDependency */ = {
			isa = PBXTargetDependency;
			target = 6B05867A2C6C38E0007FF9F3 /* Circlr */;
			targetProxy = 6B05869C2C6C38E2007FF9F3 /* PBXContainerItemProxy */;
		};
/* End PBXTargetDependency section */

/* Begin PBXVariantGroup section */
		6B0586842C6C38E0007FF9F3 /* Main.storyboard */ = {
			isa = PBXVariantGroup;
			children = (
				6B0586852C6C38E0007FF9F3 /* Base */,
			);
			name = Main.storyboard;
			sourceTree = "<group>";
		};
		6B0586892C6C38E1007FF9F3 /* LaunchScreen.storyboard */ = {
			isa = PBXVariantGroup;
			children = (
				6B05868A2C6C38E1007FF9F3 /* Base */,
			);
			name = LaunchScreen.storyboard;
			sourceTree = "<group>";
		};
/* End PBXVariantGroup section */

/* Begin XCBuildConfiguration section */
		6B0586A32C6C38E2007FF9F3 /* Debug */ = {
			isa = XCBuildConfiguration;
			buildSettings = {
				ALWAYS_SEARCH_USER_PATHS = NO;
				ASSETCATALOG_COMPILER_GENERATE_SWIFT_ASSET_SYMBOL_EXTENSIONS = YES;
				CLANG_ANALYZER_NONNULL = YES;
				CLANG_ANALYZER_NUMBER_OBJECT_CONVERSION = YES_AGGRESSIVE;
				CLANG_CXX_LANGUAGE_STANDARD = "gnu++20";
				CLANG_ENABLE_MODULES = YES;
				CLANG_ENABLE_OBJC_ARC = YES;
				CLANG_ENABLE_OBJC_WEAK = YES;
				CLANG_WARN_BLOCK_CAPTURE_AUTORELEASING = YES;
				CLANG_WARN_BOOL_CONVERSION = YES;
				CLANG_WARN_COMMA = YES;
				CLANG_WARN_CONSTANT_CONVERSION = YES;
				CLANG_WARN_DEPRECATED_OBJC_IMPLEMENTATIONS = YES;
				CLANG_WARN_DIRECT_OBJC_ISA_USAGE = YES_ERROR;
				CLANG_WARN_DOCUMENTATION_COMMENTS = YES;
				CLANG_WARN_EMPTY_BODY = YES;
				CLANG_WARN_ENUM_CONVERSION = YES;
				CLANG_WARN_INFINITE_RECURSION = YES;
				CLANG_WARN_INT_CONVERSION = YES;
				CLANG_WARN_NON_LITERAL_NULL_CONVERSION = YES;
				CLANG_WARN_OBJC_IMPLICIT_RETAIN_SELF = YES;
				CLANG_WARN_OBJC_LITERAL_CONVERSION = YES;
				CLANG_WARN_OBJC_ROOT_CLASS = YES_ERROR;
				CLANG_WARN_QUOTED_INCLUDE_IN_FRAMEWORK_HEADER = YES;
				CLANG_WARN_RANGE_LOOP_ANALYSIS = YES;
				CLANG_WARN_STRICT_PROTOTYPES = YES;
				CLANG_WARN_SUSPICIOUS_MOVE = YES;
				CLANG_WARN_UNGUARDED_AVAILABILITY = YES_AGGRESSIVE;
				CLANG_WARN_UNREACHABLE_CODE = YES;
				CLANG_WARN__DUPLICATE_METHOD_MATCH = YES;
				COPY_PHASE_STRIP = NO;
				DEBUG_INFORMATION_FORMAT = dwarf;
				ENABLE_STRICT_OBJC_MSGSEND = YES;
				ENABLE_TESTABILITY = YES;
				ENABLE_USER_SCRIPT_SANDBOXING = YES;
				GCC_C_LANGUAGE_STANDARD = gnu17;
				GCC_DYNAMIC_NO_PIC = NO;
				GCC_NO_COMMON_BLOCKS = YES;
				GCC_OPTIMIZATION_LEVEL = 0;
				GCC_PREPROCESSOR_DEFINITIONS = (
					"DEBUG=1",
					"$(inherited)",
				);
				GCC_WARN_64_TO_32_BIT_CONVERSION = YES;
				GCC_WARN_ABOUT_RETURN_TYPE = YES_ERROR;
				GCC_WARN_UNDECLARED_SELECTOR = YES;
				GCC_WARN_UNINITIALIZED_AUTOS = YES_AGGRESSIVE;
				GCC_WARN_UNUSED_FUNCTION = YES;
				GCC_WARN_UNUSED_VARIABLE = YES;
				IPHONEOS_DEPLOYMENT_TARGET = 17.2;
				LOCALIZATION_PREFERS_STRING_CATALOGS = YES;
				MTL_ENABLE_DEBUG_INFO = INCLUDE_SOURCE;
				MTL_FAST_MATH = YES;
				ONLY_ACTIVE_ARCH = YES;
				SDKROOT = iphoneos;
				SWIFT_ACTIVE_COMPILATION_CONDITIONS = "DEBUG $(inherited)";
				SWIFT_OPTIMIZATION_LEVEL = "-Onone";
			};
			name = Debug;
		};
		6B0586A42C6C38E2007FF9F3 /* Release */ = {
			isa = XCBuildConfiguration;
			buildSettings = {
				ALWAYS_SEARCH_USER_PATHS = NO;
				ASSETCATALOG_COMPILER_GENERATE_SWIFT_ASSET_SYMBOL_EXTENSIONS = YES;
				CLANG_ANALYZER_NONNULL = YES;
				CLANG_ANALYZER_NUMBER_OBJECT_CONVERSION = YES_AGGRESSIVE;
				CLANG_CXX_LANGUAGE_STANDARD = "gnu++20";
				CLANG_ENABLE_MODULES = YES;
				CLANG_ENABLE_OBJC_ARC = YES;
				CLANG_ENABLE_OBJC_WEAK = YES;
				CLANG_WARN_BLOCK_CAPTURE_AUTORELEASING = YES;
				CLANG_WARN_BOOL_CONVERSION = YES;
				CLANG_WARN_COMMA = YES;
				CLANG_WARN_CONSTANT_CONVERSION = YES;
				CLANG_WARN_DEPRECATED_OBJC_IMPLEMENTATIONS = YES;
				CLANG_WARN_DIRECT_OBJC_ISA_USAGE = YES_ERROR;
				CLANG_WARN_DOCUMENTATION_COMMENTS = YES;
				CLANG_WARN_EMPTY_BODY = YES;
				CLANG_WARN_ENUM_CONVERSION = YES;
				CLANG_WARN_INFINITE_RECURSION = YES;
				CLANG_WARN_INT_CONVERSION = YES;
				CLANG_WARN_NON_LITERAL_NULL_CONVERSION = YES;
				CLANG_WARN_OBJC_IMPLICIT_RETAIN_SELF = YES;
				CLANG_WARN_OBJC_LITERAL_CONVERSION = YES;
				CLANG_WARN_OBJC_ROOT_CLASS = YES_ERROR;
				CLANG_WARN_QUOTED_INCLUDE_IN_FRAMEWORK_HEADER = YES;
				CLANG_WARN_RANGE_LOOP_ANALYSIS = YES;
				CLANG_WARN_STRICT_PROTOTYPES = YES;
				CLANG_WARN_SUSPICIOUS_MOVE = YES;
				CLANG_WARN_UNGUARDED_AVAILABILITY = YES_AGGRESSIVE;
				CLANG_WARN_UNREACHABLE_CODE = YES;
				CLANG_WARN__DUPLICATE_METHOD_MATCH = YES;
				COPY_PHASE_STRIP = NO;
				DEBUG_INFORMATION_FORMAT = "dwarf-with-dsym";
				ENABLE_NS_ASSERTIONS = NO;
				ENABLE_STRICT_OBJC_MSGSEND = YES;
				ENABLE_USER_SCRIPT_SANDBOXING = YES;
				GCC_C_LANGUAGE_STANDARD = gnu17;
				GCC_NO_COMMON_BLOCKS = YES;
				GCC_WARN_64_TO_32_BIT_CONVERSION = YES;
				GCC_WARN_ABOUT_RETURN_TYPE = YES_ERROR;
				GCC_WARN_UNDECLARED_SELECTOR = YES;
				GCC_WARN_UNINITIALIZED_AUTOS = YES_AGGRESSIVE;
				GCC_WARN_UNUSED_FUNCTION = YES;
				GCC_WARN_UNUSED_VARIABLE = YES;
				IPHONEOS_DEPLOYMENT_TARGET = 17.2;
				LOCALIZATION_PREFERS_STRING_CATALOGS = YES;
				MTL_ENABLE_DEBUG_INFO = NO;
				MTL_FAST_MATH = YES;
				SDKROOT = iphoneos;
				SWIFT_COMPILATION_MODE = wholemodule;
				VALIDATE_PRODUCT = YES;
			};
			name = Release;
		};
		6B0586A62C6C38E2007FF9F3 /* Debug */ = {
			isa = XCBuildConfiguration;
			buildSettings = {
				ASSETCATALOG_COMPILER_APPICON_NAME = AppIcon;
				ASSETCATALOG_COMPILER_GLOBAL_ACCENT_COLOR_NAME = AccentColor;
				CODE_SIGN_STYLE = Automatic;
				CURRENT_PROJECT_VERSION = 1;
				DEVELOPMENT_TEAM = SX7WGHX7PV;
				GENERATE_INFOPLIST_FILE = YES;
				INFOPLIST_FILE = Circlr/Info.plist;
				INFOPLIST_KEY_UIApplicationSupportsIndirectInputEvents = YES;
				INFOPLIST_KEY_UILaunchStoryboardName = LaunchScreen;
				INFOPLIST_KEY_UIMainStoryboardFile = Main;
				INFOPLIST_KEY_UISupportedInterfaceOrientations_iPad = "UIInterfaceOrientationPortrait UIInterfaceOrientationPortraitUpsideDown UIInterfaceOrientationLandscapeLeft UIInterfaceOrientationLandscapeRight";
				INFOPLIST_KEY_UISupportedInterfaceOrientations_iPhone = "UIInterfaceOrientationPortrait UIInterfaceOrientationLandscapeLeft UIInterfaceOrientationLandscapeRight";
				LD_RUNPATH_SEARCH_PATHS = (
					"$(inherited)",
					"@executable_path/Frameworks",
				);
				MARKETING_VERSION = 1.0;
				PRODUCT_BUNDLE_IDENTIFIER = com.vasishtmuduganti.Circlr;
				PRODUCT_NAME = "$(TARGET_NAME)";
				SWIFT_EMIT_LOC_STRINGS = YES;
				SWIFT_VERSION = 5.0;
				TARGETED_DEVICE_FAMILY = "1,2";
			};
			name = Debug;
		};
		6B0586A72C6C38E2007FF9F3 /* Release */ = {
			isa = XCBuildConfiguration;
			buildSettings = {
				ASSETCATALOG_COMPILER_APPICON_NAME = AppIcon;
				ASSETCATALOG_COMPILER_GLOBAL_ACCENT_COLOR_NAME = AccentColor;
				CODE_SIGN_STYLE = Automatic;
				CURRENT_PROJECT_VERSION = 1;
				DEVELOPMENT_TEAM = SX7WGHX7PV;
				GENERATE_INFOPLIST_FILE = YES;
				INFOPLIST_FILE = Circlr/Info.plist;
				INFOPLIST_KEY_UIApplicationSupportsIndirectInputEvents = YES;
				INFOPLIST_KEY_UILaunchStoryboardName = LaunchScreen;
				INFOPLIST_KEY_UIMainStoryboardFile = Main;
				INFOPLIST_KEY_UISupportedInterfaceOrientations_iPad = "UIInterfaceOrientationPortrait UIInterfaceOrientationPortraitUpsideDown UIInterfaceOrientationLandscapeLeft UIInterfaceOrientationLandscapeRight";
				INFOPLIST_KEY_UISupportedInterfaceOrientations_iPhone = "UIInterfaceOrientationPortrait UIInterfaceOrientationLandscapeLeft UIInterfaceOrientationLandscapeRight";
				LD_RUNPATH_SEARCH_PATHS = (
					"$(inherited)",
					"@executable_path/Frameworks",
				);
				MARKETING_VERSION = 1.0;
				PRODUCT_BUNDLE_IDENTIFIER = com.vasishtmuduganti.Circlr;
				PRODUCT_NAME = "$(TARGET_NAME)";
				SWIFT_EMIT_LOC_STRINGS = YES;
				SWIFT_VERSION = 5.0;
				TARGETED_DEVICE_FAMILY = "1,2";
			};
			name = Release;
		};
		6B0586A92C6C38E2007FF9F3 /* Debug */ = {
			isa = XCBuildConfiguration;
			buildSettings = {
				ALWAYS_EMBED_SWIFT_STANDARD_LIBRARIES = YES;
				BUNDLE_LOADER = "$(TEST_HOST)";
				CODE_SIGN_STYLE = Automatic;
				CURRENT_PROJECT_VERSION = 1;
				DEVELOPMENT_TEAM = SX7WGHX7PV;
				GENERATE_INFOPLIST_FILE = YES;
				IPHONEOS_DEPLOYMENT_TARGET = 17.2;
				MARKETING_VERSION = 1.0;
				PRODUCT_BUNDLE_IDENTIFIER = com.vasishtmuduganti.CirclrTests;
				PRODUCT_NAME = "$(TARGET_NAME)";
				SWIFT_EMIT_LOC_STRINGS = NO;
				SWIFT_VERSION = 5.0;
				TARGETED_DEVICE_FAMILY = "1,2";
				TEST_HOST = "$(BUILT_PRODUCTS_DIR)/Circlr.app/$(BUNDLE_EXECUTABLE_FOLDER_PATH)/Circlr";
			};
			name = Debug;
		};
		6B0586AA2C6C38E2007FF9F3 /* Release */ = {
			isa = XCBuildConfiguration;
			buildSettings = {
				ALWAYS_EMBED_SWIFT_STANDARD_LIBRARIES = YES;
				BUNDLE_LOADER = "$(TEST_HOST)";
				CODE_SIGN_STYLE = Automatic;
				CURRENT_PROJECT_VERSION = 1;
				DEVELOPMENT_TEAM = SX7WGHX7PV;
				GENERATE_INFOPLIST_FILE = YES;
				IPHONEOS_DEPLOYMENT_TARGET = 17.2;
				MARKETING_VERSION = 1.0;
				PRODUCT_BUNDLE_IDENTIFIER = com.vasishtmuduganti.CirclrTests;
				PRODUCT_NAME = "$(TARGET_NAME)";
				SWIFT_EMIT_LOC_STRINGS = NO;
				SWIFT_VERSION = 5.0;
				TARGETED_DEVICE_FAMILY = "1,2";
				TEST_HOST = "$(BUILT_PRODUCTS_DIR)/Circlr.app/$(BUNDLE_EXECUTABLE_FOLDER_PATH)/Circlr";
			};
			name = Release;
		};
		6B0586AC2C6C38E2007FF9F3 /* Debug */ = {
			isa = XCBuildConfiguration;
			buildSettings = {
				ALWAYS_EMBED_SWIFT_STANDARD_LIBRARIES = YES;
				CODE_SIGN_STYLE = Automatic;
				CURRENT_PROJECT_VERSION = 1;
				DEVELOPMENT_TEAM = SX7WGHX7PV;
				GENERATE_INFOPLIST_FILE = YES;
				MARKETING_VERSION = 1.0;
				PRODUCT_BUNDLE_IDENTIFIER = com.vasishtmuduganti.CirclrUITests;
				PRODUCT_NAME = "$(TARGET_NAME)";
				SWIFT_EMIT_LOC_STRINGS = NO;
				SWIFT_VERSION = 5.0;
				TARGETED_DEVICE_FAMILY = "1,2";
				TEST_TARGET_NAME = Circlr;
			};
			name = Debug;
		};
		6B0586AD2C6C38E2007FF9F3 /* Release */ = {
			isa = XCBuildConfiguration;
			buildSettings = {
				ALWAYS_EMBED_SWIFT_STANDARD_LIBRARIES = YES;
				CODE_SIGN_STYLE = Automatic;
				CURRENT_PROJECT_VERSION = 1;
				DEVELOPMENT_TEAM = SX7WGHX7PV;
				GENERATE_INFOPLIST_FILE = YES;
				MARKETING_VERSION = 1.0;
				PRODUCT_BUNDLE_IDENTIFIER = com.vasishtmuduganti.CirclrUITests;
				PRODUCT_NAME = "$(TARGET_NAME)";
				SWIFT_EMIT_LOC_STRINGS = NO;
				SWIFT_VERSION = 5.0;
				TARGETED_DEVICE_FAMILY = "1,2";
				TEST_TARGET_NAME = Circlr;
			};
			name = Release;
		};
/* End XCBuildConfiguration section */

/* Begin XCConfigurationList section */
		6B0586762C6C38E0007FF9F3 /* Build configuration list for PBXProject "Circlr" */ = {
			isa = XCConfigurationList;
			buildConfigurations = (
				6B0586A32C6C38E2007FF9F3 /* Debug */,
				6B0586A42C6C38E2007FF9F3 /* Release */,
			);
			defaultConfigurationIsVisible = 0;
			defaultConfigurationName = Release;
		};
		6B0586A52C6C38E2007FF9F3 /* Build configuration list for PBXNativeTarget "Circlr" */ = {
			isa = XCConfigurationList;
			buildConfigurations = (
				6B0586A62C6C38E2007FF9F3 /* Debug */,
				6B0586A72C6C38E2007FF9F3 /* Release */,
			);
			defaultConfigurationIsVisible = 0;
			defaultConfigurationName = Release;
		};
		6B0586A82C6C38E2007FF9F3 /* Build configuration list for PBXNativeTarget "CirclrTests" */ = {
			isa = XCConfigurationList;
			buildConfigurations = (
				6B0586A92C6C38E2007FF9F3 /* Debug */,
				6B0586AA2C6C38E2007FF9F3 /* Release */,
			);
			defaultConfigurationIsVisible = 0;
			defaultConfigurationName = Release;
		};
		6B0586AB2C6C38E2007FF9F3 /* Build configuration list for PBXNativeTarget "CirclrUITests" */ = {
			isa = XCConfigurationList;
			buildConfigurations = (
				6B0586AC2C6C38E2007FF9F3 /* Debug */,
				6B0586AD2C6C38E2007FF9F3 /* Release */,
			);
			defaultConfigurationIsVisible = 0;
			defaultConfigurationName = Release;
		};
/* End XCConfigurationList section */
	};
	rootObject = 6B0586732C6C38E0007FF9F3 /* Project object */;
}
